
Microsoft Visual Studio Solution File, Format Version 12.00
# Visual Studio 15
VisualStudioVersion = 15.0.28307.489
MinimumVisualStudioVersion = 10.0.40219.1
Project("{9A19103F-16F7-4668-BE54-9A1E7A4F7556}") = "StARKS.Application", "StARKS.Application\StARKS.Application.csproj", "{00D3BDC8-AA86-4695-B672-CA5DA1021A1C}"
EndProject
Project("{2150E333-8FDC-42A3-9474-1A3956D46DE8}") = "Core", "Core", "{91BFBABC-E2CB-4A17-9551-D74327E7531F}"
EndProject
Project("{9A19103F-16F7-4668-BE54-9A1E7A4F7556}") = "StARKS.Domain", "StARKS.Domain\StARKS.Domain.csproj", "{E71A1FD0-4E35-4EBB-91E3-69DDD528AFFB}"
EndProject
Project("{2150E333-8FDC-42A3-9474-1A3956D46DE8}") = "Common", "Common", "{40FDC9CF-123F-47D7-BA96-F989FD7AF8D2}"
EndProject
Project("{9A19103F-16F7-4668-BE54-9A1E7A4F7556}") = "StARKS.Common", "StARKS.Common\StARKS.Common.csproj", "{B70D3C13-4B6C-4162-9CD6-889A077FEBA8}"
EndProject
Project("{2150E333-8FDC-42A3-9474-1A3956D46DE8}") = "Test", "Test", "{C7E0B049-5C6F-44D1-9F39-9BA76608FF9A}"
EndProject
Project("{9A19103F-16F7-4668-BE54-9A1E7A4F7556}") = "StARKS.Application.Test", "StARKS.Application.Test\StARKS.Application.Test.csproj", "{B5B21449-2382-457C-8405-82A8A00E4312}"
EndProject
Project("{2150E333-8FDC-42A3-9474-1A3956D46DE8}") = "Infrastructure", "Infrastructure", "{A2188C2B-8A40-417E-BA02-8DE65557CFFD}"
EndProject
Project("{2150E333-8FDC-42A3-9474-1A3956D46DE8}") = "Presentation", "Presentation", "{42DAEACA-640F-43ED-9B2D-6EC301A27B2F}"
EndProject
Project("{9A19103F-16F7-4668-BE54-9A1E7A4F7556}") = "StARKS.WebAPI", "StARKS.WebAPI\StARKS.WebAPI.csproj", "{64DF3FA7-1A22-4D6D-9423-F430BC01BDC3}"
EndProject
Project("{9A19103F-16F7-4668-BE54-9A1E7A4F7556}") = "StARKS.Infrastructure", "StARKS.Infrastructure\StARKS.Infrastructure.csproj", "{D2E78ABF-0B45-47D7-971D-E6011DC5E983}"
EndProject
Project("{9A19103F-16F7-4668-BE54-9A1E7A4F7556}") = "StARKS.WebAPI.Test", "StARKS.WebAPI.Test\StARKS.WebAPI.Test.csproj", "{6B78DB44-8DB2-4091-8D66-DBD7156D9F28}"
EndProject
Project("{00D1A9C2-B5F0-4AF3-8072-F6C62B433612}") = "StARKS.SQLDatabase", "StARKS.SQLDatabase\StARKS.SQLDatabase.sqlproj", "{784E4E0F-E2FA-4787-BE55-16002DA9BDAB}"
EndProject
Project("{9A19103F-16F7-4668-BE54-9A1E7A4F7556}") = "StARKS.Persistence", "StARKS.Persistence\StARKS.Persistence.csproj", "{117280B7-90FF-411B-8FE8-D8A5CC9EAEB5}"
EndProject
Project("{2150E333-8FDC-42A3-9474-1A3956D46DE8}") = "Persistence", "Persistence", "{D1283356-DDB8-4B3D-BC4E-A2BD554CAE8B}"
EndProject
Project("{FAE04EC0-301F-11D3-BF4B-00C04F79EFBC}") = "StARKS.WebApp", "StARKS.WebApp\StARKS.WebApp.csproj", "{BEF84C78-E456-427E-A65A-05DE7ED320DE}"
EndProject
Global
	GlobalSection(SolutionConfigurationPlatforms) = preSolution
		Debug|Any CPU = Debug|Any CPU
		Release|Any CPU = Release|Any CPU
	EndGlobalSection
	GlobalSection(ProjectConfigurationPlatforms) = postSolution
		{00D3BDC8-AA86-4695-B672-CA5DA1021A1C}.Debug|Any CPU.ActiveCfg = Debug|Any CPU
		{00D3BDC8-AA86-4695-B672-CA5DA1021A1C}.Debug|Any CPU.Build.0 = Debug|Any CPU
		{00D3BDC8-AA86-4695-B672-CA5DA1021A1C}.Release|Any CPU.ActiveCfg = Release|Any CPU
		{00D3BDC8-AA86-4695-B672-CA5DA1021A1C}.Release|Any CPU.Build.0 = Release|Any CPU
		{E71A1FD0-4E35-4EBB-91E3-69DDD528AFFB}.Debug|Any CPU.ActiveCfg = Debug|Any CPU
		{E71A1FD0-4E35-4EBB-91E3-69DDD528AFFB}.Debug|Any CPU.Build.0 = Debug|Any CPU
		{E71A1FD0-4E35-4EBB-91E3-69DDD528AFFB}.Release|Any CPU.ActiveCfg = Release|Any CPU
		{E71A1FD0-4E35-4EBB-91E3-69DDD528AFFB}.Release|Any CPU.Build.0 = Release|Any CPU
		{B70D3C13-4B6C-4162-9CD6-889A077FEBA8}.Debug|Any CPU.ActiveCfg = Debug|Any CPU
		{B70D3C13-4B6C-4162-9CD6-889A077FEBA8}.Debug|Any CPU.Build.0 = Debug|Any CPU
		{B70D3C13-4B6C-4162-9CD6-889A077FEBA8}.Release|Any CPU.ActiveCfg = Release|Any CPU
		{B70D3C13-4B6C-4162-9CD6-889A077FEBA8}.Release|Any CPU.Build.0 = Release|Any CPU
		{B5B21449-2382-457C-8405-82A8A00E4312}.Debug|Any CPU.ActiveCfg = Debug|Any CPU
		{B5B21449-2382-457C-8405-82A8A00E4312}.Debug|Any CPU.Build.0 = Debug|Any CPU
		{B5B21449-2382-457C-8405-82A8A00E4312}.Release|Any CPU.ActiveCfg = Release|Any CPU
		{B5B21449-2382-457C-8405-82A8A00E4312}.Release|Any CPU.Build.0 = Release|Any CPU
		{64DF3FA7-1A22-4D6D-9423-F430BC01BDC3}.Debug|Any CPU.ActiveCfg = Debug|Any CPU
		{64DF3FA7-1A22-4D6D-9423-F430BC01BDC3}.Debug|Any CPU.Build.0 = Debug|Any CPU
		{64DF3FA7-1A22-4D6D-9423-F430BC01BDC3}.Release|Any CPU.ActiveCfg = Release|Any CPU
		{64DF3FA7-1A22-4D6D-9423-F430BC01BDC3}.Release|Any CPU.Build.0 = Release|Any CPU
		{D2E78ABF-0B45-47D7-971D-E6011DC5E983}.Debug|Any CPU.ActiveCfg = Debug|Any CPU
		{D2E78ABF-0B45-47D7-971D-E6011DC5E983}.Debug|Any CPU.Build.0 = Debug|Any CPU
		{D2E78ABF-0B45-47D7-971D-E6011DC5E983}.Release|Any CPU.ActiveCfg = Release|Any CPU
		{D2E78ABF-0B45-47D7-971D-E6011DC5E983}.Release|Any CPU.Build.0 = Release|Any CPU
		{6B78DB44-8DB2-4091-8D66-DBD7156D9F28}.Debug|Any CPU.ActiveCfg = Debug|Any CPU
		{6B78DB44-8DB2-4091-8D66-DBD7156D9F28}.Debug|Any CPU.Build.0 = Debug|Any CPU
		{6B78DB44-8DB2-4091-8D66-DBD7156D9F28}.Release|Any CPU.ActiveCfg = Release|Any CPU
		{6B78DB44-8DB2-4091-8D66-DBD7156D9F28}.Release|Any CPU.Build.0 = Release|Any CPU
		{784E4E0F-E2FA-4787-BE55-16002DA9BDAB}.Debug|Any CPU.ActiveCfg = Debug|Any CPU
		{784E4E0F-E2FA-4787-BE55-16002DA9BDAB}.Debug|Any CPU.Build.0 = Debug|Any CPU
		{784E4E0F-E2FA-4787-BE55-16002DA9BDAB}.Debug|Any CPU.Deploy.0 = Debug|Any CPU
		{784E4E0F-E2FA-4787-BE55-16002DA9BDAB}.Release|Any CPU.ActiveCfg = Release|Any CPU
		{784E4E0F-E2FA-4787-BE55-16002DA9BDAB}.Release|Any CPU.Build.0 = Release|Any CPU
		{784E4E0F-E2FA-4787-BE55-16002DA9BDAB}.Release|Any CPU.Deploy.0 = Release|Any CPU
		{117280B7-90FF-411B-8FE8-D8A5CC9EAEB5}.Debug|Any CPU.ActiveCfg = Debug|Any CPU
		{117280B7-90FF-411B-8FE8-D8A5CC9EAEB5}.Debug|Any CPU.Build.0 = Debug|Any CPU
		{117280B7-90FF-411B-8FE8-D8A5CC9EAEB5}.Release|Any CPU.ActiveCfg = Release|Any CPU
		{117280B7-90FF-411B-8FE8-D8A5CC9EAEB5}.Release|Any CPU.Build.0 = Release|Any CPU
		{BEF84C78-E456-427E-A65A-05DE7ED320DE}.Debug|Any CPU.ActiveCfg = Debug|Any CPU
		{BEF84C78-E456-427E-A65A-05DE7ED320DE}.Debug|Any CPU.Build.0 = Debug|Any CPU
		{BEF84C78-E456-427E-A65A-05DE7ED320DE}.Release|Any CPU.ActiveCfg = Release|Any CPU
		{BEF84C78-E456-427E-A65A-05DE7ED320DE}.Release|Any CPU.Build.0 = Release|Any CPU
	EndGlobalSection
	GlobalSection(SolutionProperties) = preSolution
		HideSolutionNode = FALSE
	EndGlobalSection
	GlobalSection(NestedProjects) = preSolution
		{00D3BDC8-AA86-4695-B672-CA5DA1021A1C} = {91BFBABC-E2CB-4A17-9551-D74327E7531F}
		{E71A1FD0-4E35-4EBB-91E3-69DDD528AFFB} = {91BFBABC-E2CB-4A17-9551-D74327E7531F}
		{B70D3C13-4B6C-4162-9CD6-889A077FEBA8} = {40FDC9CF-123F-47D7-BA96-F989FD7AF8D2}
		{B5B21449-2382-457C-8405-82A8A00E4312} = {C7E0B049-5C6F-44D1-9F39-9BA76608FF9A}
		{64DF3FA7-1A22-4D6D-9423-F430BC01BDC3} = {42DAEACA-640F-43ED-9B2D-6EC301A27B2F}
		{D2E78ABF-0B45-47D7-971D-E6011DC5E983} = {A2188C2B-8A40-417E-BA02-8DE65557CFFD}
		{6B78DB44-8DB2-4091-8D66-DBD7156D9F28} = {C7E0B049-5C6F-44D1-9F39-9BA76608FF9A}
		{784E4E0F-E2FA-4787-BE55-16002DA9BDAB} = {D1283356-DDB8-4B3D-BC4E-A2BD554CAE8B}
		{117280B7-90FF-411B-8FE8-D8A5CC9EAEB5} = {D1283356-DDB8-4B3D-BC4E-A2BD554CAE8B}
		{BEF84C78-E456-427E-A65A-05DE7ED320DE} = {42DAEACA-640F-43ED-9B2D-6EC301A27B2F}
	EndGlobalSection
	GlobalSection(ExtensibilityGlobals) = postSolution
		SolutionGuid = {8FDEC487-AA29-4FA3-932A-AABDA8E162B1}
	EndGlobalSection
EndGlobal
